
Microsoft Visual Studio Solution File, Format Version 12.00
# Visual Studio Version 17
VisualStudioVersion = 17.8.34511.84
MinimumVisualStudioVersion = 10.0.40219.1
Project("{FAE04EC0-301F-11D3-BF4B-00C04F79EFBC}") = "calculadora1", "calculadora1\calculadora1.csproj", "{66E5DE50-A9BA-45AE-884C-ABC9A9021D9E}"
EndProject
Global
	GlobalSection(SolutionConfigurationPlatforms) = preSolution
		Debug|Any CPU = Debug|Any CPU
		Release|Any CPU = Release|Any CPU
	EndGlobalSection
	GlobalSection(ProjectConfigurationPlatforms) = postSolution
		{66E5DE50-A9BA-45AE-884C-ABC9A9021D9E}.Debug|Any CPU.ActiveCfg = Debug|Any CPU
		{66E5DE50-A9BA-45AE-884C-ABC9A9021D9E}.Debug|Any CPU.Build.0 = Debug|Any CPU
		{66E5DE50-A9BA-45AE-884C-ABC9A9021D9E}.Release|Any CPU.ActiveCfg = Release|Any CPU
		{66E5DE50-A9BA-45AE-884C-ABC9A9021D9E}.Release|Any CPU.Build.0 = Release|Any CPU
	EndGlobalSection
	GlobalSection(SolutionProperties) = preSolution
		HideSolutionNode = FALSE
	EndGlobalSection
	GlobalSection(ExtensibilityGlobals) = postSolution
		SolutionGuid = {5AD4D7DC-519A-4CF6-B4D2-0B5CD3D156A9}
	EndGlobalSection
EndGlobal
